
Microsoft Visual Studio Solution File, Format Version 12.00
# Visual Studio Version 16
VisualStudioVersion = 16.0.30309.148
MinimumVisualStudioVersion = 10.0.40219.1
Project("{FAE04EC0-301F-11D3-BF4B-00C04F79EFBC}") = "SentencesToImages", "SentencesToImages.csproj", "{AC9007B5-0AA9-44E5-BD72-2DEC615304E0}"
EndProject
Global
	GlobalSection(SolutionConfigurationPlatforms) = preSolution
		Debug|Any CPU = Debug|Any CPU
		Release|Any CPU = Release|Any CPU
	EndGlobalSection
	GlobalSection(ProjectConfigurationPlatforms) = postSolution
		{AC9007B5-0AA9-44E5-BD72-2DEC615304E0}.Debug|Any CPU.ActiveCfg = Debug|Any CPU
		{AC9007B5-0AA9-44E5-BD72-2DEC615304E0}.Debug|Any CPU.Build.0 = Debug|Any CPU
		{AC9007B5-0AA9-44E5-BD72-2DEC615304E0}.Release|Any CPU.ActiveCfg = Release|Any CPU
		{AC9007B5-0AA9-44E5-BD72-2DEC615304E0}.Release|Any CPU.Build.0 = Release|Any CPU
	EndGlobalSection
	GlobalSection(SolutionProperties) = preSolution
		HideSolutionNode = FALSE
	EndGlobalSection
	GlobalSection(ExtensibilityGlobals) = postSolution
		SolutionGuid = {00F49F96-1BBE-4C47-BEE5-848DAAAC5A5C}
	EndGlobalSection
EndGlobal
